
Microsoft Visual Studio Solution File, Format Version 12.00
# Visual Studio Version 17
VisualStudioVersion = 17.6.33829.357
MinimumVisualStudioVersion = 10.0.40219.1
Project("{9A19103F-16F7-4668-BE54-9A1E7A4F7556}") = "ReservationApp.Panel.UI", "ReservationApp.Panel.UI\ReservationApp.Panel.UI.csproj", "{7485FA6E-AF8E-4E4B-AED4-CEBDFFF99C4F}"
EndProject
Project("{9A19103F-16F7-4668-BE54-9A1E7A4F7556}") = "ReservationApp.EntityLayer", "ReservationApp.EntityLayer\ReservationApp.EntityLayer.csproj", "{DCAE4C3D-034A-444C-AF33-2527ADD6D70D}"
EndProject
Project("{9A19103F-16F7-4668-BE54-9A1E7A4F7556}") = "ReservationApp.DataAccessLayer", "ReservationApp.DataAccessLayer\ReservationApp.DataAccessLayer.csproj", "{26A49D7B-3B3E-403F-85C5-CDE5F049B1D7}"
EndProject
Project("{9A19103F-16F7-4668-BE54-9A1E7A4F7556}") = "ReservationApp.BusinessLayer", "ReservationApp.BusinessLayer\ReservationApp.BusinessLayer.csproj", "{238508C4-922E-4DEA-A4A2-94ECA773A939}"
EndProject
Project("{FAE04EC0-301F-11D3-BF4B-00C04F79EFBC}") = "DTOLayer", "DTOLayer\DTOLayer.csproj", "{B1012552-9A9D-458B-81CC-F7C41AF9A96F}"
EndProject
Global
	GlobalSection(SolutionConfigurationPlatforms) = preSolution
		Debug|Any CPU = Debug|Any CPU
		Release|Any CPU = Release|Any CPU
	EndGlobalSection
	GlobalSection(ProjectConfigurationPlatforms) = postSolution
		{7485FA6E-AF8E-4E4B-AED4-CEBDFFF99C4F}.Debug|Any CPU.ActiveCfg = Debug|Any CPU
		{7485FA6E-AF8E-4E4B-AED4-CEBDFFF99C4F}.Debug|Any CPU.Build.0 = Debug|Any CPU
		{7485FA6E-AF8E-4E4B-AED4-CEBDFFF99C4F}.Release|Any CPU.ActiveCfg = Release|Any CPU
		{7485FA6E-AF8E-4E4B-AED4-CEBDFFF99C4F}.Release|Any CPU.Build.0 = Release|Any CPU
		{DCAE4C3D-034A-444C-AF33-2527ADD6D70D}.Debug|Any CPU.ActiveCfg = Debug|Any CPU
		{DCAE4C3D-034A-444C-AF33-2527ADD6D70D}.Debug|Any CPU.Build.0 = Debug|Any CPU
		{DCAE4C3D-034A-444C-AF33-2527ADD6D70D}.Release|Any CPU.ActiveCfg = Release|Any CPU
		{DCAE4C3D-034A-444C-AF33-2527ADD6D70D}.Release|Any CPU.Build.0 = Release|Any CPU
		{26A49D7B-3B3E-403F-85C5-CDE5F049B1D7}.Debug|Any CPU.ActiveCfg = Debug|Any CPU
		{26A49D7B-3B3E-403F-85C5-CDE5F049B1D7}.Debug|Any CPU.Build.0 = Debug|Any CPU
		{26A49D7B-3B3E-403F-85C5-CDE5F049B1D7}.Release|Any CPU.ActiveCfg = Release|Any CPU
		{26A49D7B-3B3E-403F-85C5-CDE5F049B1D7}.Release|Any CPU.Build.0 = Release|Any CPU
		{238508C4-922E-4DEA-A4A2-94ECA773A939}.Debug|Any CPU.ActiveCfg = Debug|Any CPU
		{238508C4-922E-4DEA-A4A2-94ECA773A939}.Debug|Any CPU.Build.0 = Debug|Any CPU
		{238508C4-922E-4DEA-A4A2-94ECA773A939}.Release|Any CPU.ActiveCfg = Release|Any CPU
		{238508C4-922E-4DEA-A4A2-94ECA773A939}.Release|Any CPU.Build.0 = Release|Any CPU
		{B1012552-9A9D-458B-81CC-F7C41AF9A96F}.Debug|Any CPU.ActiveCfg = Debug|Any CPU
		{B1012552-9A9D-458B-81CC-F7C41AF9A96F}.Debug|Any CPU.Build.0 = Debug|Any CPU
		{B1012552-9A9D-458B-81CC-F7C41AF9A96F}.Release|Any CPU.ActiveCfg = Release|Any CPU
		{B1012552-9A9D-458B-81CC-F7C41AF9A96F}.Release|Any CPU.Build.0 = Release|Any CPU
	EndGlobalSection
	GlobalSection(SolutionProperties) = preSolution
		HideSolutionNode = FALSE
	EndGlobalSection
	GlobalSection(ExtensibilityGlobals) = postSolution
		SolutionGuid = {9B9055FE-597D-4D88-8D61-5A85E6FD9C9A}
	EndGlobalSection
EndGlobal
